<?xml version="1.0" encoding="utf-8"?>
<Project ToolsVersion="4.0" xmlns="http://schemas.microsoft.com/developer/msbuild/2003">
  <ItemGroup>
    <Filter Include="Source Files">
      <UniqueIdentifier>{4FC737F1-C7A5-4376-A066-2A32D752A2FF}</UniqueIdentifier>
      <Extensions>cpp;c;cc;cxx;def;odl;idl;hpj;bat;asm;asmx</Extensions>
    </Filter>
    <Filter Include="Header Files">
      <UniqueIdentifier>{93995380-89BD-4b04-88EB-625FBE52EBFB}</UniqueIdentifier>
      <Extensions>h;hh;hpp;hxx;hm;inl;inc;xsd</Extensions>
    </Filter>
    <Filter Include="Resource Files">
      <UniqueIdentifier>{67DA6AB6-F800-4c08-8B7A-83BB121AAD01}</UniqueIdentifier>
      <Extensions>rc;ico;cur;bmp;dlg;rc2;rct;bin;rgs;gif;jpg;jpeg;jpe;resx;tiff;tif;png;wav</Extensions>
    </Filter>
  </ItemGroup>
  <ItemGroup>
    <ClCompile Include="Capacitor.cpp">
      <Filter>Source Files</Filter>
    </ClCompile>
    <ClCompile Include="Circuit.cpp">
      <Filter>Source Files</Filter>
    </ClCompile>
    <ClCompile Include="Configuration.cpp">
      <Filter>Source Files</Filter>
    </ClCompile>
    <ClCompile Include="Device.cpp">
      <Filter>Source Files</Filter>
    </ClCompile>
    <ClCompile Include="Diode.cpp">
      <Filter>Source Files</Filter>
    </ClCompile>
    <ClCompile Include="ExcitationDevice.cpp">
      <Filter>Source Files</Filter>
    </ClCompile>
    <ClCompile Include="Inductor.cpp">
      <Filter>Source Files</Filter>
    </ClCompile>
    <ClCompile Include="main.cpp">
      <Filter>Source Files</Filter>
    </ClCompile>
    <ClCompile Include="MOA.cpp">
      <Filter>Source Files</Filter>
    </ClCompile>
    <ClCompile Include="Resistor.cpp">
      <Filter>Source Files</Filter>
    </ClCompile>
    <ClCompile Include="Simulator.cpp">
      <Filter>Source Files</Filter>
    </ClCompile>
    <ClCompile Include="Solver.cpp">
      <Filter>Source Files</Filter>
    </ClCompile>
    <ClCompile Include="Solver_EulerBackward.cpp">
      <Filter>Source Files</Filter>
    </ClCompile>
    <ClCompile Include="Solver_SDC.cpp">
      <Filter>Source Files</Filter>
    </ClCompile>
    <ClCompile Include="Solver_TR.cpp">
      <Filter>Source Files</Filter>
    </ClCompile>
    <ClCompile Include="SpiceDevice.cpp">
      <Filter>Source Files</Filter>
    </ClCompile>
    <ClCompile Include="SpiceMosfet.cpp">
      <Filter>Source Files</Filter>
    </ClCompile>
    <ClCompile Include="structDeviceInfo.cpp">
      <Filter>Source Files</Filter>
    </ClCompile>
    <ClCompile Include="SurgeArrester.cpp">
      <Filter>Source Files</Filter>
    </ClCompile>
    <ClCompile Include="TabulatedIVCurveDevice.cpp">
      <Filter>Source Files</Filter>
    </ClCompile>
    <ClCompile Include="TimeInvariantDevice.cpp">
      <Filter>Source Files</Filter>
    </ClCompile>
    <ClCompile Include="TimeVariantDevice.cpp">
      <Filter>Source Files</Filter>
    </ClCompile>
    <ClCompile Include="Vsource_AC.cpp">
      <Filter>Source Files</Filter>
    </ClCompile>
    <ClCompile Include="Vsource_DC.cpp">
      <Filter>Source Files</Filter>
    </ClCompile>
    <ClCompile Include="Jsource_AC.cpp">
      <Filter>Source Files</Filter>
    </ClCompile>
    <ClCompile Include="Jsource_DC.cpp">
      <Filter>Source Files</Filter>
    </ClCompile>
    <ClCompile Include="PWLVoltageSource.cpp">
      <Filter>Source Files</Filter>
    </ClCompile>
    <ClCompile Include="SpiceDiode.cpp">
      <Filter>Source Files</Filter>
    </ClCompile>
    <ClCompile Include="SpiceMosLevel1Test.cpp">
      <Filter>Source Files</Filter>
    </ClCompile>
    <ClCompile Include="BasicNewton.cpp">
      <Filter>Source Files</Filter>
    </ClCompile>
    <ClCompile Include="Newton.cpp">
      <Filter>Source Files</Filter>
    </ClCompile>
  </ItemGroup>
  <ItemGroup>
    <ClInclude Include="Capacitor.h">
      <Filter>Header Files</Filter>
    </ClInclude>
    <ClInclude Include="Circuit.h">
      <Filter>Header Files</Filter>
    </ClInclude>
    <ClInclude Include="Configuration.h">
      <Filter>Header Files</Filter>
    </ClInclude>
    <ClInclude Include="Device.h">
      <Filter>Header Files</Filter>
    </ClInclude>
    <ClInclude Include="Diode.h">
      <Filter>Header Files</Filter>
    </ClInclude>
    <ClInclude Include="ExcitationDevice.h">
      <Filter>Header Files</Filter>
    </ClInclude>
    <ClInclude Include="Inductor.h">
      <Filter>Header Files</Filter>
    </ClInclude>
    <ClInclude Include="MOA.h">
      <Filter>Header Files</Filter>
    </ClInclude>
    <ClInclude Include="Resistor.h">
      <Filter>Header Files</Filter>
    </ClInclude>
    <ClInclude Include="Simulator.h">
      <Filter>Header Files</Filter>
    </ClInclude>
    <ClInclude Include="Solver.h">
      <Filter>Header Files</Filter>
    </ClInclude>
    <ClInclude Include="Solver_EulerBackward.h">
      <Filter>Header Files</Filter>
    </ClInclude>
    <ClInclude Include="Solver_SDC.h">
      <Filter>Header Files</Filter>
    </ClInclude>
    <ClInclude Include="Solver_TR.h">
      <Filter>Header Files</Filter>
    </ClInclude>
    <ClInclude Include="SpiceDevice.h">
      <Filter>Header Files</Filter>
    </ClInclude>
    <ClInclude Include="SpiceMosfet.h">
      <Filter>Header Files</Filter>
    </ClInclude>
    <ClInclude Include="structDeviceInfo.h">
      <Filter>Header Files</Filter>
    </ClInclude>
    <ClInclude Include="SurgeArrester.h">
      <Filter>Header Files</Filter>
    </ClInclude>
    <ClInclude Include="TabulatedIVCurveDevice.h">
      <Filter>Header Files</Filter>
    </ClInclude>
    <ClInclude Include="TimeVariantDevice.h">
      <Filter>Header Files</Filter>
    </ClInclude>
    <ClInclude Include="Vsource_AC.h">
      <Filter>Header Files</Filter>
    </ClInclude>
    <ClInclude Include="Vsource_DC.h">
      <Filter>Header Files</Filter>
    </ClInclude>
    <ClInclude Include="Jsource_AC.h">
      <Filter>Header Files</Filter>
    </ClInclude>
    <ClInclude Include="Jsource_DC.h">
      <Filter>Header Files</Filter>
    </ClInclude>
    <ClInclude Include="PWLVoltageSource.h">
      <Filter>Header Files</Filter>
    </ClInclude>
    <ClInclude Include="SpiceDiode.h">
      <Filter>Header Files</Filter>
    </ClInclude>
    <ClInclude Include="SpiceMosLevel1Test.h">
      <Filter>Header Files</Filter>
    </ClInclude>
    <ClInclude Include="TimeInvariantDevice.h">
      <Filter>Header Files</Filter>
    </ClInclude>
    <ClInclude Include="BasicNewton.h">
      <Filter>Header Files</Filter>
    </ClInclude>
    <ClInclude Include="Newton.h">
      <Filter>Header Files</Filter>
    </ClInclude>
  </ItemGroup>
  <ItemGroup>
    <None Include="README.md" />
    <None Include="ClassDiagram.cd" />
    <None Include="ClassDiagram1.cd" />
  </ItemGroup>
</Project>