<?xml version="1.0" encoding="utf-8"?>
<Project ToolsVersion="4.0" xmlns="http://schemas.microsoft.com/developer/msbuild/2003">
  <ItemGroup>
    <Filter Include="Source Files">
      <UniqueIdentifier>{4FC737F1-C7A5-4376-A066-2A32D752A2FF}</UniqueIdentifier>
      <Extensions>cpp;c;cc;cxx;def;odl;idl;hpj;bat;asm;asmx</Extensions>
    </Filter>
    <Filter Include="Header Files">
      <UniqueIdentifier>{93995380-89BD-4b04-88EB-625FBE52EBFB}</UniqueIdentifier>
      <Extensions>h;hh;hpp;hxx;hm;inl;inc;xsd</Extensions>
    </Filter>
    <Filter Include="Resource Files">
      <UniqueIdentifier>{67DA6AB6-F800-4c08-8B7A-83BB121AAD01}</UniqueIdentifier>
      <Extensions>rc;ico;cur;bmp;dlg;rc2;rct;bin;rgs;gif;jpg;jpeg;jpe;resx;tiff;tif;png;wav</Extensions>
    </Filter>
  </ItemGroup>
  <ItemGroup>
    <None Include="src\README.md" />
  </ItemGroup>
  <ItemGroup>
    <ClCompile Include="src\BasicNewton.cpp">
      <Filter>Source Files</Filter>
    </ClCompile>
    <ClCompile Include="src\Capacitor.cpp">
      <Filter>Source Files</Filter>
    </ClCompile>
    <ClCompile Include="src\Circuit.cpp">
      <Filter>Source Files</Filter>
    </ClCompile>
    <ClCompile Include="src\Configuration.cpp">
      <Filter>Source Files</Filter>
    </ClCompile>
    <ClCompile Include="src\Device.cpp">
      <Filter>Source Files</Filter>
    </ClCompile>
    <ClCompile Include="src\Diode.cpp">
      <Filter>Source Files</Filter>
    </ClCompile>
    <ClCompile Include="src\ExcitationDevice.cpp">
      <Filter>Source Files</Filter>
    </ClCompile>
    <ClCompile Include="src\Inductor.cpp">
      <Filter>Source Files</Filter>
    </ClCompile>
    <ClCompile Include="src\Jsource.cpp">
      <Filter>Source Files</Filter>
    </ClCompile>
    <ClCompile Include="src\Jsource_AC.cpp">
      <Filter>Source Files</Filter>
    </ClCompile>
    <ClCompile Include="src\Jsource_DC.cpp">
      <Filter>Source Files</Filter>
    </ClCompile>
    <ClCompile Include="src\main.cpp">
      <Filter>Source Files</Filter>
    </ClCompile>
    <ClCompile Include="src\MOA.cpp">
      <Filter>Source Files</Filter>
    </ClCompile>
    <ClCompile Include="src\Newton.cpp">
      <Filter>Source Files</Filter>
    </ClCompile>
    <ClCompile Include="src\PWLVoltageSource.cpp">
      <Filter>Source Files</Filter>
    </ClCompile>
    <ClCompile Include="src\Resistor.cpp">
      <Filter>Source Files</Filter>
    </ClCompile>
    <ClCompile Include="src\Simulator.cpp">
      <Filter>Source Files</Filter>
    </ClCompile>
    <ClCompile Include="src\Solver.cpp">
      <Filter>Source Files</Filter>
    </ClCompile>
    <ClCompile Include="src\Solver_EulerBackward.cpp">
      <Filter>Source Files</Filter>
    </ClCompile>
    <ClCompile Include="src\Solver_SDC.cpp">
      <Filter>Source Files</Filter>
    </ClCompile>
    <ClCompile Include="src\Solver_TR.cpp">
      <Filter>Source Files</Filter>
    </ClCompile>
    <ClCompile Include="src\SpiceDevice.cpp">
      <Filter>Source Files</Filter>
    </ClCompile>
    <ClCompile Include="src\SpiceDiode.cpp">
      <Filter>Source Files</Filter>
    </ClCompile>
    <ClCompile Include="src\SpiceMosfet.cpp">
      <Filter>Source Files</Filter>
    </ClCompile>
    <ClCompile Include="src\SpiceMosLevel1Test.cpp">
      <Filter>Source Files</Filter>
    </ClCompile>
    <ClCompile Include="src\structDeviceInfo.cpp">
      <Filter>Source Files</Filter>
    </ClCompile>
    <ClCompile Include="src\SurgeArrester.cpp">
      <Filter>Source Files</Filter>
    </ClCompile>
    <ClCompile Include="src\TabulatedIVCurveDevice.cpp">
      <Filter>Source Files</Filter>
    </ClCompile>
    <ClCompile Include="src\Vsource_AC.cpp">
      <Filter>Source Files</Filter>
    </ClCompile>
    <ClCompile Include="src\Vsource_DC.cpp">
      <Filter>Source Files</Filter>
    </ClCompile>
  </ItemGroup>
  <ItemGroup>
    <ClInclude Include="src\BasicNewton.h">
      <Filter>Header Files</Filter>
    </ClInclude>
    <ClInclude Include="src\Capacitor.h">
      <Filter>Header Files</Filter>
    </ClInclude>
    <ClInclude Include="src\Circuit.h">
      <Filter>Header Files</Filter>
    </ClInclude>
    <ClInclude Include="src\Configuration.h">
      <Filter>Header Files</Filter>
    </ClInclude>
    <ClInclude Include="src\Device.h">
      <Filter>Header Files</Filter>
    </ClInclude>
    <ClInclude Include="src\Diode.h">
      <Filter>Header Files</Filter>
    </ClInclude>
    <ClInclude Include="src\ExcitationDevice.h">
      <Filter>Header Files</Filter>
    </ClInclude>
    <ClInclude Include="src\Inductor.h">
      <Filter>Header Files</Filter>
    </ClInclude>
    <ClInclude Include="src\Jsource.h">
      <Filter>Header Files</Filter>
    </ClInclude>
    <ClInclude Include="src\Jsource_AC.h">
      <Filter>Header Files</Filter>
    </ClInclude>
    <ClInclude Include="src\Jsource_DC.h">
      <Filter>Header Files</Filter>
    </ClInclude>
    <ClInclude Include="src\MOA.h">
      <Filter>Header Files</Filter>
    </ClInclude>
    <ClInclude Include="src\Newton.h">
      <Filter>Header Files</Filter>
    </ClInclude>
    <ClInclude Include="src\PWLVoltageSource.h">
      <Filter>Header Files</Filter>
    </ClInclude>
    <ClInclude Include="src\Resistor.h">
      <Filter>Header Files</Filter>
    </ClInclude>
    <ClInclude Include="src\Simulator.h">
      <Filter>Header Files</Filter>
    </ClInclude>
    <ClInclude Include="src\Solver.h">
      <Filter>Header Files</Filter>
    </ClInclude>
    <ClInclude Include="src\Solver_EulerBackward.h">
      <Filter>Header Files</Filter>
    </ClInclude>
    <ClInclude Include="src\Solver_SDC.h">
      <Filter>Header Files</Filter>
    </ClInclude>
    <ClInclude Include="src\Solver_TR.h">
      <Filter>Header Files</Filter>
    </ClInclude>
    <ClInclude Include="src\SpiceDevice.h">
      <Filter>Header Files</Filter>
    </ClInclude>
    <ClInclude Include="src\SpiceDiode.h">
      <Filter>Header Files</Filter>
    </ClInclude>
    <ClInclude Include="src\SpiceMosfet.h">
      <Filter>Header Files</Filter>
    </ClInclude>
    <ClInclude Include="src\SpiceMosLevel1Test.h">
      <Filter>Header Files</Filter>
    </ClInclude>
    <ClInclude Include="src\structDeviceInfo.h">
      <Filter>Header Files</Filter>
    </ClInclude>
    <ClInclude Include="src\SurgeArrester.h">
      <Filter>Header Files</Filter>
    </ClInclude>
    <ClInclude Include="src\TabulatedIVCurveDevice.h">
      <Filter>Header Files</Filter>
    </ClInclude>
    <ClInclude Include="src\Vsource_AC.h">
      <Filter>Header Files</Filter>
    </ClInclude>
    <ClInclude Include="src\Vsource_DC.h">
      <Filter>Header Files</Filter>
    </ClInclude>
  </ItemGroup>
</Project>